// !$*UTF8*$!
{
	archiveVersion = 1;
	classes = {
	};
	objectVersion = 56;
	objects = {

/* Begin PBXBuildFile section */
		221321A22CBF6CE50067FD75 /* AppDelegate.swift in Sources */ = {isa = PBXBuildFile; fileRef = 221321A12CBF6CE50067FD75 /* AppDelegate.swift */; };
		221321A42CBF6CE50067FD75 /* SceneDelegate.swift in Sources */ = {isa = PBXBuildFile; fileRef = 221321A32CBF6CE50067FD75 /* SceneDelegate.swift */; };
		221321A62CBF6CE50067FD75 /* LandingPageViewController.swift in Sources */ = {isa = PBXBuildFile; fileRef = 221321A52CBF6CE50067FD75 /* LandingPageViewController.swift */; };
		221321A92CBF6CE50067FD75 /* Base in Resources */ = {isa = PBXBuildFile; fileRef = 221321A82CBF6CE50067FD75 /* Base */; };
		221321AB2CBF6CE50067FD75 /* Assets.xcassets in Resources */ = {isa = PBXBuildFile; fileRef = 221321AA2CBF6CE50067FD75 /* Assets.xcassets */; };
		221321AE2CBF6CE50067FD75 /* Base in Resources */ = {isa = PBXBuildFile; fileRef = 221321AD2CBF6CE50067FD75 /* Base */; };
		221DFF362CE9A60200EC9465 /* ForgotPasswordEmailView.swift in Sources */ = {isa = PBXBuildFile; fileRef = 221DFF352CE9A60200EC9465 /* ForgotPasswordEmailView.swift */; };
		221DFF382CE9A61900EC9465 /* ForgotPasswordViewController.swift in Sources */ = {isa = PBXBuildFile; fileRef = 221DFF372CE9A61900EC9465 /* ForgotPasswordViewController.swift */; };
		2230D69B2CD833A1003A4EF6 /* NotificationNames.swift in Sources */ = {isa = PBXBuildFile; fileRef = 2230D69A2CD833A1003A4EF6 /* NotificationNames.swift */; };
		225887C72CE2A4280009E60C /* RegisterFirebaseManager.swift in Sources */ = {isa = PBXBuildFile; fileRef = 225887C62CE2A4280009E60C /* RegisterFirebaseManager.swift */; };
		225887C92CE447B50009E60C /* ImageViewUtils.swift in Sources */ = {isa = PBXBuildFile; fileRef = 225887C82CE447B50009E60C /* ImageViewUtils.swift */; };
		22AF32FC2CCC112C00F024ED /* GoogleService-Info.plist in Resources */ = {isa = PBXBuildFile; fileRef = 22AF32FB2CCC112C00F024ED /* GoogleService-Info.plist */; };
		22AF32FF2CCC121600F024ED /* FirebaseAuth in Frameworks */ = {isa = PBXBuildFile; productRef = 22AF32FE2CCC121600F024ED /* FirebaseAuth */; };
		22AF33012CCC121600F024ED /* FirebaseFirestore in Frameworks */ = {isa = PBXBuildFile; productRef = 22AF33002CCC121600F024ED /* FirebaseFirestore */; };
		22AF33032CCC121600F024ED /* FirebaseStorage in Frameworks */ = {isa = PBXBuildFile; productRef = 22AF33022CCC121600F024ED /* FirebaseStorage */; };
		22AF33052CCC155300F024ED /* LandingPageView.swift in Sources */ = {isa = PBXBuildFile; fileRef = 22AF33042CCC155300F024ED /* LandingPageView.swift */; };
		22AF330A2CCC3CAF00F024ED /* SignInPageViewController.swift in Sources */ = {isa = PBXBuildFile; fileRef = 22AF33092CCC3CAF00F024ED /* SignInPageViewController.swift */; };
		22AF330C2CCC3CCB00F024ED /* SignInPageView.swift in Sources */ = {isa = PBXBuildFile; fileRef = 22AF330B2CCC3CCB00F024ED /* SignInPageView.swift */; };
		22AF330E2CCC7CAF00F024ED /* ProgressSpinnerViewController.swift in Sources */ = {isa = PBXBuildFile; fileRef = 22AF330D2CCC7CAF00F024ED /* ProgressSpinnerViewController.swift */; };
		22AF33112CCC7DB700F024ED /* ProgressSpinnerDelegate.swift in Sources */ = {isa = PBXBuildFile; fileRef = 22AF33102CCC7DB700F024ED /* ProgressSpinnerDelegate.swift */; };
		22AF33132CCC87A900F024ED /* RegisterPageViewController.swift in Sources */ = {isa = PBXBuildFile; fileRef = 22AF33122CCC87A900F024ED /* RegisterPageViewController.swift */; };
		22AF33152CCC87BE00F024ED /* RegisterPageView.swift in Sources */ = {isa = PBXBuildFile; fileRef = 22AF33142CCC87BE00F024ED /* RegisterPageView.swift */; };
		22AF33172CCD647900F024ED /* HomePageViewController.swift in Sources */ = {isa = PBXBuildFile; fileRef = 22AF33162CCD647900F024ED /* HomePageViewController.swift */; };
		22AF331A2CCD69A800F024ED /* ProfileNotificationViewController.swift in Sources */ = {isa = PBXBuildFile; fileRef = 22AF33192CCD69A800F024ED /* ProfileNotificationViewController.swift */; };
		22AF331C2CCD6A0300F024ED /* ProfileNotificationView.swift in Sources */ = {isa = PBXBuildFile; fileRef = 22AF331B2CCD6A0300F024ED /* ProfileNotificationView.swift */; };
		22AF331E2CCD9A9000F024ED /* HomePageView.swift in Sources */ = {isa = PBXBuildFile; fileRef = 22AF331D2CCD9A9000F024ED /* HomePageView.swift */; };
		22D123F12CEA93B500DA0291 /* ForgotPasswordNewPasswordView.swift in Sources */ = {isa = PBXBuildFile; fileRef = 22D123F02CEA93B500DA0291 /* ForgotPasswordNewPasswordView.swift */; };
		22D123F32CEA93C800DA0291 /* ForgotPasswordNewPasswordViewController.swift in Sources */ = {isa = PBXBuildFile; fileRef = 22D123F22CEA93C800DA0291 /* ForgotPasswordNewPasswordViewController.swift */; };
		22D123F52CEA98C000DA0291 /* CommonFuncUtils.swift in Sources */ = {isa = PBXBuildFile; fileRef = 22D123F42CEA98C000DA0291 /* CommonFuncUtils.swift */; };
/* End PBXBuildFile section */

/* Begin PBXFileReference section */
		2213219E2CBF6CE50067FD75 /* WeCan_ProjectGroup31.app */ = {isa = PBXFileReference; explicitFileType = wrapper.application; includeInIndex = 0; path = WeCan_ProjectGroup31.app; sourceTree = BUILT_PRODUCTS_DIR; };
		221321A12CBF6CE50067FD75 /* AppDelegate.swift */ = {isa = PBXFileReference; lastKnownFileType = sourcecode.swift; path = AppDelegate.swift; sourceTree = "<group>"; };
		221321A32CBF6CE50067FD75 /* SceneDelegate.swift */ = {isa = PBXFileReference; lastKnownFileType = sourcecode.swift; path = SceneDelegate.swift; sourceTree = "<group>"; };
		221321A52CBF6CE50067FD75 /* LandingPageViewController.swift */ = {isa = PBXFileReference; lastKnownFileType = sourcecode.swift; path = LandingPageViewController.swift; sourceTree = "<group>"; };
		221321A82CBF6CE50067FD75 /* Base */ = {isa = PBXFileReference; lastKnownFileType = file.storyboard; name = Base; path = Base.lproj/Main.storyboard; sourceTree = "<group>"; };
		221321AA2CBF6CE50067FD75 /* Assets.xcassets */ = {isa = PBXFileReference; lastKnownFileType = folder.assetcatalog; path = Assets.xcassets; sourceTree = "<group>"; };
		221321AD2CBF6CE50067FD75 /* Base */ = {isa = PBXFileReference; lastKnownFileType = file.storyboard; name = Base; path = Base.lproj/LaunchScreen.storyboard; sourceTree = "<group>"; };
		221321AF2CBF6CE50067FD75 /* Info.plist */ = {isa = PBXFileReference; lastKnownFileType = text.plist.xml; path = Info.plist; sourceTree = "<group>"; };
		221DFF352CE9A60200EC9465 /* ForgotPasswordEmailView.swift */ = {isa = PBXFileReference; lastKnownFileType = sourcecode.swift; path = ForgotPasswordEmailView.swift; sourceTree = "<group>"; };
		221DFF372CE9A61900EC9465 /* ForgotPasswordViewController.swift */ = {isa = PBXFileReference; lastKnownFileType = sourcecode.swift; path = ForgotPasswordViewController.swift; sourceTree = "<group>"; };
		2230D69A2CD833A1003A4EF6 /* NotificationNames.swift */ = {isa = PBXFileReference; lastKnownFileType = sourcecode.swift; path = NotificationNames.swift; sourceTree = "<group>"; };
		225887C62CE2A4280009E60C /* RegisterFirebaseManager.swift */ = {isa = PBXFileReference; lastKnownFileType = sourcecode.swift; path = RegisterFirebaseManager.swift; sourceTree = "<group>"; };
		225887C82CE447B50009E60C /* ImageViewUtils.swift */ = {isa = PBXFileReference; lastKnownFileType = sourcecode.swift; path = ImageViewUtils.swift; sourceTree = "<group>"; };
		22AF32FB2CCC112C00F024ED /* GoogleService-Info.plist */ = {isa = PBXFileReference; fileEncoding = 4; lastKnownFileType = text.plist.xml; name = "GoogleService-Info.plist"; path = "../../GoogleService-Info.plist"; sourceTree = "<group>"; };
		22AF33042CCC155300F024ED /* LandingPageView.swift */ = {isa = PBXFileReference; lastKnownFileType = sourcecode.swift; path = LandingPageView.swift; sourceTree = "<group>"; };
		22AF33092CCC3CAF00F024ED /* SignInPageViewController.swift */ = {isa = PBXFileReference; lastKnownFileType = sourcecode.swift; path = SignInPageViewController.swift; sourceTree = "<group>"; };
		22AF330B2CCC3CCB00F024ED /* SignInPageView.swift */ = {isa = PBXFileReference; lastKnownFileType = sourcecode.swift; path = SignInPageView.swift; sourceTree = "<group>"; };
		22AF330D2CCC7CAF00F024ED /* ProgressSpinnerViewController.swift */ = {isa = PBXFileReference; lastKnownFileType = sourcecode.swift; path = ProgressSpinnerViewController.swift; sourceTree = "<group>"; };
		22AF33102CCC7DB700F024ED /* ProgressSpinnerDelegate.swift */ = {isa = PBXFileReference; lastKnownFileType = sourcecode.swift; path = ProgressSpinnerDelegate.swift; sourceTree = "<group>"; };
		22AF33122CCC87A900F024ED /* RegisterPageViewController.swift */ = {isa = PBXFileReference; lastKnownFileType = sourcecode.swift; path = RegisterPageViewController.swift; sourceTree = "<group>"; };
		22AF33142CCC87BE00F024ED /* RegisterPageView.swift */ = {isa = PBXFileReference; lastKnownFileType = sourcecode.swift; path = RegisterPageView.swift; sourceTree = "<group>"; };
		22AF33162CCD647900F024ED /* HomePageViewController.swift */ = {isa = PBXFileReference; lastKnownFileType = sourcecode.swift; path = HomePageViewController.swift; sourceTree = "<group>"; };
		22AF33192CCD69A800F024ED /* ProfileNotificationViewController.swift */ = {isa = PBXFileReference; lastKnownFileType = sourcecode.swift; path = ProfileNotificationViewController.swift; sourceTree = "<group>"; };
		22AF331B2CCD6A0300F024ED /* ProfileNotificationView.swift */ = {isa = PBXFileReference; lastKnownFileType = sourcecode.swift; path = ProfileNotificationView.swift; sourceTree = "<group>"; };
		22AF331D2CCD9A9000F024ED /* HomePageView.swift */ = {isa = PBXFileReference; lastKnownFileType = sourcecode.swift; path = HomePageView.swift; sourceTree = "<group>"; };
		22D123F02CEA93B500DA0291 /* ForgotPasswordNewPasswordView.swift */ = {isa = PBXFileReference; lastKnownFileType = sourcecode.swift; path = ForgotPasswordNewPasswordView.swift; sourceTree = "<group>"; };
		22D123F22CEA93C800DA0291 /* ForgotPasswordNewPasswordViewController.swift */ = {isa = PBXFileReference; lastKnownFileType = sourcecode.swift; path = ForgotPasswordNewPasswordViewController.swift; sourceTree = "<group>"; };
		22D123F42CEA98C000DA0291 /* CommonFuncUtils.swift */ = {isa = PBXFileReference; lastKnownFileType = sourcecode.swift; path = CommonFuncUtils.swift; sourceTree = "<group>"; };
/* End PBXFileReference section */

/* Begin PBXFrameworksBuildPhase section */
		2213219B2CBF6CE50067FD75 /* Frameworks */ = {
			isa = PBXFrameworksBuildPhase;
			buildActionMask = 2147483647;
			files = (
				22AF32FF2CCC121600F024ED /* FirebaseAuth in Frameworks */,
				22AF33012CCC121600F024ED /* FirebaseFirestore in Frameworks */,
				22AF33032CCC121600F024ED /* FirebaseStorage in Frameworks */,
			);
			runOnlyForDeploymentPostprocessing = 0;
		};
/* End PBXFrameworksBuildPhase section */

/* Begin PBXGroup section */
		221321952CBF6CE50067FD75 = {
			isa = PBXGroup;
			children = (
				221321A02CBF6CE50067FD75 /* WeCan_ProjectGroup31 */,
				2213219F2CBF6CE50067FD75 /* Products */,
			);
			sourceTree = "<group>";
		};
		2213219F2CBF6CE50067FD75 /* Products */ = {
			isa = PBXGroup;
			children = (
				2213219E2CBF6CE50067FD75 /* WeCan_ProjectGroup31.app */,
			);
			name = Products;
			sourceTree = "<group>";
		};
		221321A02CBF6CE50067FD75 /* WeCan_ProjectGroup31 */ = {
			isa = PBXGroup;
			children = (
				221321A12CBF6CE50067FD75 /* AppDelegate.swift */,
				221321A32CBF6CE50067FD75 /* SceneDelegate.swift */,
				221321A72CBF6CE50067FD75 /* Main.storyboard */,
				221321AA2CBF6CE50067FD75 /* Assets.xcassets */,
				221321AC2CBF6CE50067FD75 /* LaunchScreen.storyboard */,
				221321AF2CBF6CE50067FD75 /* Info.plist */,
				22AF32FB2CCC112C00F024ED /* GoogleService-Info.plist */,
				22AF33062CCC158400F024ED /* SignIn and Register */,
				22AF330F2CCC7CB500F024ED /* Progress Indicator */,
				22AF33182CCD64CE00F024ED /* Home Page */,
				2230D69A2CD833A1003A4EF6 /* NotificationNames.swift */,
				225887C82CE447B50009E60C /* ImageViewUtils.swift */,
				22D123F42CEA98C000DA0291 /* CommonFuncUtils.swift */,
			);
			path = WeCan_ProjectGroup31;
			sourceTree = "<group>";
		};
		221DFF342CE9A3C300EC9465 /* SignIn Screen */ = {
			isa = PBXGroup;
			children = (
				22AF33092CCC3CAF00F024ED /* SignInPageViewController.swift */,
				22AF330B2CCC3CCB00F024ED /* SignInPageView.swift */,
			);
			path = "SignIn Screen";
			sourceTree = "<group>";
		};
		221DFF392CE9A62C00EC9465 /* ForgotPassword */ = {
			isa = PBXGroup;
			children = (
				221DFF352CE9A60200EC9465 /* ForgotPasswordEmailView.swift */,
				221DFF372CE9A61900EC9465 /* ForgotPasswordViewController.swift */,
				22D123F02CEA93B500DA0291 /* ForgotPasswordNewPasswordView.swift */,
				22D123F22CEA93C800DA0291 /* ForgotPasswordNewPasswordViewController.swift */,
			);
			path = ForgotPassword;
			sourceTree = "<group>";
		};
		225887C52CE2A3F70009E60C /* Register Screen */ = {
			isa = PBXGroup;
			children = (
				22AF33122CCC87A900F024ED /* RegisterPageViewController.swift */,
				22AF33142CCC87BE00F024ED /* RegisterPageView.swift */,
				225887C62CE2A4280009E60C /* RegisterFirebaseManager.swift */,
			);
			path = "Register Screen";
			sourceTree = "<group>";
		};
		22AF33062CCC158400F024ED /* SignIn and Register */ = {
			isa = PBXGroup;
			children = (
				221321A52CBF6CE50067FD75 /* LandingPageViewController.swift */,
				22AF33042CCC155300F024ED /* LandingPageView.swift */,
				221DFF392CE9A62C00EC9465 /* ForgotPassword */,
				221DFF342CE9A3C300EC9465 /* SignIn Screen */,
				225887C52CE2A3F70009E60C /* Register Screen */,
			);
			path = "SignIn and Register";
			sourceTree = "<group>";
		};
		22AF330F2CCC7CB500F024ED /* Progress Indicator */ = {
			isa = PBXGroup;
			children = (
				22AF330D2CCC7CAF00F024ED /* ProgressSpinnerViewController.swift */,
				22AF33102CCC7DB700F024ED /* ProgressSpinnerDelegate.swift */,
			);
			path = "Progress Indicator";
			sourceTree = "<group>";
		};
		22AF33182CCD64CE00F024ED /* Home Page */ = {
			isa = PBXGroup;
			children = (
				22AF33162CCD647900F024ED /* HomePageViewController.swift */,
				22AF331D2CCD9A9000F024ED /* HomePageView.swift */,
				22AF33192CCD69A800F024ED /* ProfileNotificationViewController.swift */,
				22AF331B2CCD6A0300F024ED /* ProfileNotificationView.swift */,
			);
			path = "Home Page";
			sourceTree = "<group>";
		};
/* End PBXGroup section */

/* Begin PBXNativeTarget section */
		2213219D2CBF6CE50067FD75 /* WeCan_ProjectGroup31 */ = {
			isa = PBXNativeTarget;
			buildConfigurationList = 221321B22CBF6CE50067FD75 /* Build configuration list for PBXNativeTarget "WeCan_ProjectGroup31" */;
			buildPhases = (
				2213219A2CBF6CE50067FD75 /* Sources */,
				2213219B2CBF6CE50067FD75 /* Frameworks */,
				2213219C2CBF6CE50067FD75 /* Resources */,
			);
			buildRules = (
			);
			dependencies = (
			);
			name = WeCan_ProjectGroup31;
			packageProductDependencies = (
				22AF32FE2CCC121600F024ED /* FirebaseAuth */,
				22AF33002CCC121600F024ED /* FirebaseFirestore */,
				22AF33022CCC121600F024ED /* FirebaseStorage */,
			);
			productName = WeCan_ProjectGroup31;
			productReference = 2213219E2CBF6CE50067FD75 /* WeCan_ProjectGroup31.app */;
			productType = "com.apple.product-type.application";
		};
/* End PBXNativeTarget section */

/* Begin PBXProject section */
		221321962CBF6CE50067FD75 /* Project object */ = {
			isa = PBXProject;
			attributes = {
				BuildIndependentTargetsInParallel = 1;
				LastSwiftUpdateCheck = 1540;
				LastUpgradeCheck = 1540;
				TargetAttributes = {
					2213219D2CBF6CE50067FD75 = {
						CreatedOnToolsVersion = 15.4;
					};
				};
			};
			buildConfigurationList = 221321992CBF6CE50067FD75 /* Build configuration list for PBXProject "WeCan_ProjectGroup31" */;
			compatibilityVersion = "Xcode 14.0";
			developmentRegion = en;
			hasScannedForEncodings = 0;
			knownRegions = (
				en,
				Base,
			);
			mainGroup = 221321952CBF6CE50067FD75;
			packageReferences = (
				22AF32FD2CCC121600F024ED /* XCRemoteSwiftPackageReference "firebase-ios-sdk" */,
			);
			productRefGroup = 2213219F2CBF6CE50067FD75 /* Products */;
			projectDirPath = "";
			projectRoot = "";
			targets = (
				2213219D2CBF6CE50067FD75 /* WeCan_ProjectGroup31 */,
			);
		};
/* End PBXProject section */

/* Begin PBXResourcesBuildPhase section */
		2213219C2CBF6CE50067FD75 /* Resources */ = {
			isa = PBXResourcesBuildPhase;
			buildActionMask = 2147483647;
			files = (
				221321AB2CBF6CE50067FD75 /* Assets.xcassets in Resources */,
				22AF32FC2CCC112C00F024ED /* GoogleService-Info.plist in Resources */,
				221321AE2CBF6CE50067FD75 /* Base in Resources */,
				221321A92CBF6CE50067FD75 /* Base in Resources */,
			);
			runOnlyForDeploymentPostprocessing = 0;
		};
/* End PBXResourcesBuildPhase section */

/* Begin PBXSourcesBuildPhase section */
		2213219A2CBF6CE50067FD75 /* Sources */ = {
			isa = PBXSourcesBuildPhase;
			buildActionMask = 2147483647;
			files = (
				221321A62CBF6CE50067FD75 /* LandingPageViewController.swift in Sources */,
				225887C92CE447B50009E60C /* ImageViewUtils.swift in Sources */,
				22D123F52CEA98C000DA0291 /* CommonFuncUtils.swift in Sources */,
				22AF331A2CCD69A800F024ED /* ProfileNotificationViewController.swift in Sources */,
				22AF33052CCC155300F024ED /* LandingPageView.swift in Sources */,
				221321A22CBF6CE50067FD75 /* AppDelegate.swift in Sources */,
				221321A42CBF6CE50067FD75 /* SceneDelegate.swift in Sources */,
				22AF330A2CCC3CAF00F024ED /* SignInPageViewController.swift in Sources */,
				221DFF382CE9A61900EC9465 /* ForgotPasswordViewController.swift in Sources */,
				22AF33132CCC87A900F024ED /* RegisterPageViewController.swift in Sources */,
				2230D69B2CD833A1003A4EF6 /* NotificationNames.swift in Sources */,
				22D123F12CEA93B500DA0291 /* ForgotPasswordNewPasswordView.swift in Sources */,
				22AF33152CCC87BE00F024ED /* RegisterPageView.swift in Sources */,
				225887C72CE2A4280009E60C /* RegisterFirebaseManager.swift in Sources */,
				22AF33172CCD647900F024ED /* HomePageViewController.swift in Sources */,
				22AF331C2CCD6A0300F024ED /* ProfileNotificationView.swift in Sources */,
				22D123F32CEA93C800DA0291 /* ForgotPasswordNewPasswordViewController.swift in Sources */,
				22AF330E2CCC7CAF00F024ED /* ProgressSpinnerViewController.swift in Sources */,
				22AF330C2CCC3CCB00F024ED /* SignInPageView.swift in Sources */,
				221DFF362CE9A60200EC9465 /* ForgotPasswordEmailView.swift in Sources */,
				22AF331E2CCD9A9000F024ED /* HomePageView.swift in Sources */,
				22AF33112CCC7DB700F024ED /* ProgressSpinnerDelegate.swift in Sources */,
			);
			runOnlyForDeploymentPostprocessing = 0;
		};
/* End PBXSourcesBuildPhase section */

/* Begin PBXVariantGroup section */
		221321A72CBF6CE50067FD75 /* Main.storyboard */ = {
			isa = PBXVariantGroup;
			children = (
				221321A82CBF6CE50067FD75 /* Base */,
			);
			name = Main.storyboard;
			sourceTree = "<group>";
		};
		221321AC2CBF6CE50067FD75 /* LaunchScreen.storyboard */ = {
			isa = PBXVariantGroup;
			children = (
				221321AD2CBF6CE50067FD75 /* Base */,
			);
			name = LaunchScreen.storyboard;
			sourceTree = "<group>";
		};
/* End PBXVariantGroup section */

/* Begin XCBuildConfiguration section */
		221321B02CBF6CE50067FD75 /* Debug */ = {
			isa = XCBuildConfiguration;
			buildSettings = {
				ALWAYS_SEARCH_USER_PATHS = NO;
				ASSETCATALOG_COMPILER_GENERATE_SWIFT_ASSET_SYMBOL_EXTENSIONS = YES;
				CLANG_ANALYZER_NONNULL = YES;
				CLANG_ANALYZER_NUMBER_OBJECT_CONVERSION = YES_AGGRESSIVE;
				CLANG_CXX_LANGUAGE_STANDARD = "gnu++20";
				CLANG_ENABLE_MODULES = YES;
				CLANG_ENABLE_OBJC_ARC = YES;
				CLANG_ENABLE_OBJC_WEAK = YES;
				CLANG_WARN_BLOCK_CAPTURE_AUTORELEASING = YES;
				CLANG_WARN_BOOL_CONVERSION = YES;
				CLANG_WARN_COMMA = YES;
				CLANG_WARN_CONSTANT_CONVERSION = YES;
				CLANG_WARN_DEPRECATED_OBJC_IMPLEMENTATIONS = YES;
				CLANG_WARN_DIRECT_OBJC_ISA_USAGE = YES_ERROR;
				CLANG_WARN_DOCUMENTATION_COMMENTS = YES;
				CLANG_WARN_EMPTY_BODY = YES;
				CLANG_WARN_ENUM_CONVERSION = YES;
				CLANG_WARN_INFINITE_RECURSION = YES;
				CLANG_WARN_INT_CONVERSION = YES;
				CLANG_WARN_NON_LITERAL_NULL_CONVERSION = YES;
				CLANG_WARN_OBJC_IMPLICIT_RETAIN_SELF = YES;
				CLANG_WARN_OBJC_LITERAL_CONVERSION = YES;
				CLANG_WARN_OBJC_ROOT_CLASS = YES_ERROR;
				CLANG_WARN_QUOTED_INCLUDE_IN_FRAMEWORK_HEADER = YES;
				CLANG_WARN_RANGE_LOOP_ANALYSIS = YES;
				CLANG_WARN_STRICT_PROTOTYPES = YES;
				CLANG_WARN_SUSPICIOUS_MOVE = YES;
				CLANG_WARN_UNGUARDED_AVAILABILITY = YES_AGGRESSIVE;
				CLANG_WARN_UNREACHABLE_CODE = YES;
				CLANG_WARN__DUPLICATE_METHOD_MATCH = YES;
				COPY_PHASE_STRIP = NO;
				DEBUG_INFORMATION_FORMAT = dwarf;
				ENABLE_STRICT_OBJC_MSGSEND = YES;
				ENABLE_TESTABILITY = YES;
				ENABLE_USER_SCRIPT_SANDBOXING = YES;
				GCC_C_LANGUAGE_STANDARD = gnu17;
				GCC_DYNAMIC_NO_PIC = NO;
				GCC_NO_COMMON_BLOCKS = YES;
				GCC_OPTIMIZATION_LEVEL = 0;
				GCC_PREPROCESSOR_DEFINITIONS = (
					"DEBUG=1",
					"$(inherited)",
				);
				GCC_WARN_64_TO_32_BIT_CONVERSION = YES;
				GCC_WARN_ABOUT_RETURN_TYPE = YES_ERROR;
				GCC_WARN_UNDECLARED_SELECTOR = YES;
				GCC_WARN_UNINITIALIZED_AUTOS = YES_AGGRESSIVE;
				GCC_WARN_UNUSED_FUNCTION = YES;
				GCC_WARN_UNUSED_VARIABLE = YES;
				IPHONEOS_DEPLOYMENT_TARGET = 17.5;
				LOCALIZATION_PREFERS_STRING_CATALOGS = YES;
				MTL_ENABLE_DEBUG_INFO = INCLUDE_SOURCE;
				MTL_FAST_MATH = YES;
				ONLY_ACTIVE_ARCH = YES;
				SDKROOT = iphoneos;
				SWIFT_ACTIVE_COMPILATION_CONDITIONS = "DEBUG $(inherited)";
				SWIFT_OPTIMIZATION_LEVEL = "-Onone";
			};
			name = Debug;
		};
		221321B12CBF6CE50067FD75 /* Release */ = {
			isa = XCBuildConfiguration;
			buildSettings = {
				ALWAYS_SEARCH_USER_PATHS = NO;
				ASSETCATALOG_COMPILER_GENERATE_SWIFT_ASSET_SYMBOL_EXTENSIONS = YES;
				CLANG_ANALYZER_NONNULL = YES;
				CLANG_ANALYZER_NUMBER_OBJECT_CONVERSION = YES_AGGRESSIVE;
				CLANG_CXX_LANGUAGE_STANDARD = "gnu++20";
				CLANG_ENABLE_MODULES = YES;
				CLANG_ENABLE_OBJC_ARC = YES;
				CLANG_ENABLE_OBJC_WEAK = YES;
				CLANG_WARN_BLOCK_CAPTURE_AUTORELEASING = YES;
				CLANG_WARN_BOOL_CONVERSION = YES;
				CLANG_WARN_COMMA = YES;
				CLANG_WARN_CONSTANT_CONVERSION = YES;
				CLANG_WARN_DEPRECATED_OBJC_IMPLEMENTATIONS = YES;
				CLANG_WARN_DIRECT_OBJC_ISA_USAGE = YES_ERROR;
				CLANG_WARN_DOCUMENTATION_COMMENTS = YES;
				CLANG_WARN_EMPTY_BODY = YES;
				CLANG_WARN_ENUM_CONVERSION = YES;
				CLANG_WARN_INFINITE_RECURSION = YES;
				CLANG_WARN_INT_CONVERSION = YES;
				CLANG_WARN_NON_LITERAL_NULL_CONVERSION = YES;
				CLANG_WARN_OBJC_IMPLICIT_RETAIN_SELF = YES;
				CLANG_WARN_OBJC_LITERAL_CONVERSION = YES;
				CLANG_WARN_OBJC_ROOT_CLASS = YES_ERROR;
				CLANG_WARN_QUOTED_INCLUDE_IN_FRAMEWORK_HEADER = YES;
				CLANG_WARN_RANGE_LOOP_ANALYSIS = YES;
				CLANG_WARN_STRICT_PROTOTYPES = YES;
				CLANG_WARN_SUSPICIOUS_MOVE = YES;
				CLANG_WARN_UNGUARDED_AVAILABILITY = YES_AGGRESSIVE;
				CLANG_WARN_UNREACHABLE_CODE = YES;
				CLANG_WARN__DUPLICATE_METHOD_MATCH = YES;
				COPY_PHASE_STRIP = NO;
				DEBUG_INFORMATION_FORMAT = "dwarf-with-dsym";
				ENABLE_NS_ASSERTIONS = NO;
				ENABLE_STRICT_OBJC_MSGSEND = YES;
				ENABLE_USER_SCRIPT_SANDBOXING = YES;
				GCC_C_LANGUAGE_STANDARD = gnu17;
				GCC_NO_COMMON_BLOCKS = YES;
				GCC_WARN_64_TO_32_BIT_CONVERSION = YES;
				GCC_WARN_ABOUT_RETURN_TYPE = YES_ERROR;
				GCC_WARN_UNDECLARED_SELECTOR = YES;
				GCC_WARN_UNINITIALIZED_AUTOS = YES_AGGRESSIVE;
				GCC_WARN_UNUSED_FUNCTION = YES;
				GCC_WARN_UNUSED_VARIABLE = YES;
				IPHONEOS_DEPLOYMENT_TARGET = 17.5;
				LOCALIZATION_PREFERS_STRING_CATALOGS = YES;
				MTL_ENABLE_DEBUG_INFO = NO;
				MTL_FAST_MATH = YES;
				SDKROOT = iphoneos;
				SWIFT_COMPILATION_MODE = wholemodule;
				VALIDATE_PRODUCT = YES;
			};
			name = Release;
		};
		221321B32CBF6CE50067FD75 /* Debug */ = {
			isa = XCBuildConfiguration;
			buildSettings = {
				ASSETCATALOG_COMPILER_APPICON_NAME = AppIcon;
				ASSETCATALOG_COMPILER_GLOBAL_ACCENT_COLOR_NAME = AccentColor;
				CODE_SIGN_STYLE = Automatic;
				CURRENT_PROJECT_VERSION = 1;
				DEVELOPMENT_TEAM = 5JCA38T4DG;
				GENERATE_INFOPLIST_FILE = YES;
				INFOPLIST_FILE = WeCan_ProjectGroup31/Info.plist;
				INFOPLIST_KEY_UIApplicationSupportsIndirectInputEvents = YES;
				INFOPLIST_KEY_UILaunchStoryboardName = LaunchScreen;
				INFOPLIST_KEY_UIMainStoryboardFile = Main;
				INFOPLIST_KEY_UISupportedInterfaceOrientations_iPad = "UIInterfaceOrientationPortrait UIInterfaceOrientationPortraitUpsideDown UIInterfaceOrientationLandscapeLeft UIInterfaceOrientationLandscapeRight";
				INFOPLIST_KEY_UISupportedInterfaceOrientations_iPhone = "UIInterfaceOrientationPortrait UIInterfaceOrientationLandscapeLeft UIInterfaceOrientationLandscapeRight";
				LD_RUNPATH_SEARCH_PATHS = (
					"$(inherited)",
					"@executable_path/Frameworks",
				);
				MARKETING_VERSION = 1.0;
				PRODUCT_BUNDLE_IDENTIFIER = "space.neu.WeCan-ProjectGroup31";
				PRODUCT_NAME = "$(TARGET_NAME)";
				SWIFT_EMIT_LOC_STRINGS = YES;
				SWIFT_VERSION = 5.0;
				TARGETED_DEVICE_FAMILY = "1,2";
			};
			name = Debug;
		};
		221321B42CBF6CE50067FD75 /* Release */ = {
			isa = XCBuildConfiguration;
			buildSettings = {
				ASSETCATALOG_COMPILER_APPICON_NAME = AppIcon;
				ASSETCATALOG_COMPILER_GLOBAL_ACCENT_COLOR_NAME = AccentColor;
				CODE_SIGN_STYLE = Automatic;
				CURRENT_PROJECT_VERSION = 1;
				DEVELOPMENT_TEAM = 5JCA38T4DG;
				GENERATE_INFOPLIST_FILE = YES;
				INFOPLIST_FILE = WeCan_ProjectGroup31/Info.plist;
				INFOPLIST_KEY_UIApplicationSupportsIndirectInputEvents = YES;
				INFOPLIST_KEY_UILaunchStoryboardName = LaunchScreen;
				INFOPLIST_KEY_UIMainStoryboardFile = Main;
				INFOPLIST_KEY_UISupportedInterfaceOrientations_iPad = "UIInterfaceOrientationPortrait UIInterfaceOrientationPortraitUpsideDown UIInterfaceOrientationLandscapeLeft UIInterfaceOrientationLandscapeRight";
				INFOPLIST_KEY_UISupportedInterfaceOrientations_iPhone = "UIInterfaceOrientationPortrait UIInterfaceOrientationLandscapeLeft UIInterfaceOrientationLandscapeRight";
				LD_RUNPATH_SEARCH_PATHS = (
					"$(inherited)",
					"@executable_path/Frameworks",
				);
				MARKETING_VERSION = 1.0;
				PRODUCT_BUNDLE_IDENTIFIER = "space.neu.WeCan-ProjectGroup31";
				PRODUCT_NAME = "$(TARGET_NAME)";
				SWIFT_EMIT_LOC_STRINGS = YES;
				SWIFT_VERSION = 5.0;
				TARGETED_DEVICE_FAMILY = "1,2";
			};
			name = Release;
		};
/* End XCBuildConfiguration section */

/* Begin XCConfigurationList section */
		221321992CBF6CE50067FD75 /* Build configuration list for PBXProject "WeCan_ProjectGroup31" */ = {
			isa = XCConfigurationList;
			buildConfigurations = (
				221321B02CBF6CE50067FD75 /* Debug */,
				221321B12CBF6CE50067FD75 /* Release */,
			);
			defaultConfigurationIsVisible = 0;
			defaultConfigurationName = Release;
		};
		221321B22CBF6CE50067FD75 /* Build configuration list for PBXNativeTarget "WeCan_ProjectGroup31" */ = {
			isa = XCConfigurationList;
			buildConfigurations = (
				221321B32CBF6CE50067FD75 /* Debug */,
				221321B42CBF6CE50067FD75 /* Release */,
			);
			defaultConfigurationIsVisible = 0;
			defaultConfigurationName = Release;
		};
/* End XCConfigurationList section */

/* Begin XCRemoteSwiftPackageReference section */
		22AF32FD2CCC121600F024ED /* XCRemoteSwiftPackageReference "firebase-ios-sdk" */ = {
			isa = XCRemoteSwiftPackageReference;
			repositoryURL = "https://github.com/firebase/firebase-ios-sdk";
			requirement = {
				kind = upToNextMajorVersion;
				minimumVersion = 11.4.0;
			};
		};
/* End XCRemoteSwiftPackageReference section */

/* Begin XCSwiftPackageProductDependency section */
		22AF32FE2CCC121600F024ED /* FirebaseAuth */ = {
			isa = XCSwiftPackageProductDependency;
			package = 22AF32FD2CCC121600F024ED /* XCRemoteSwiftPackageReference "firebase-ios-sdk" */;
			productName = FirebaseAuth;
		};
		22AF33002CCC121600F024ED /* FirebaseFirestore */ = {
			isa = XCSwiftPackageProductDependency;
			package = 22AF32FD2CCC121600F024ED /* XCRemoteSwiftPackageReference "firebase-ios-sdk" */;
			productName = FirebaseFirestore;
		};
		22AF33022CCC121600F024ED /* FirebaseStorage */ = {
			isa = XCSwiftPackageProductDependency;
			package = 22AF32FD2CCC121600F024ED /* XCRemoteSwiftPackageReference "firebase-ios-sdk" */;
			productName = FirebaseStorage;
		};
/* End XCSwiftPackageProductDependency section */
	};
	rootObject = 221321962CBF6CE50067FD75 /* Project object */;
}
